{
  "name": "jslib",
  "requires": true,
  "lockfileVersion": 1,
  "dependencies": {
    "jslib-base-cli": {
      "version": "0.1.6",
      "resolved": "https://registry.npmjs.org/jslib-base-cli/-/jslib-base-cli-0.1.6.tgz",
      "integrity": "sha512-erLCWOr2c6JB4RdOU6GetvA9bvbYcMycasj5pbAyI1j5NkUyVymBMxJK+Oz+E1A16y9OCgTiFrWPVY9rI9qlwA=="
    }
  }
}
