{
	"name": "@js-lib/util",
	"version": "0.0.0",
	"lockfileVersion": 1,
	"requires": true,
	"dependencies": {
		"@jsmini/extend": {
			"version": "0.3.1",
			"resolved": "https://registry.npmjs.org/@jsmini/extend/-/extend-0.3.1.tgz",
			"integrity": "sha512-DovGr/dA8jJusMAIgjBRt9ZxuNfPETcwBXh336tWfMXD2wE2medloT6sOYSsFFBPFMW1M4u5Nv6IvzEqGsyGmQ==",
			"requires": {
				"@jsmini/is": "^0.8.1",
				"babel-runtime": "6.26.0"
			}
		},
		"@jsmini/is": {
			"version": "0.8.2",
			"resolved": "https://registry.npmjs.org/@jsmini/is/-/is-0.8.2.tgz",
			"integrity": "sha512-MO8C/XZ2lhga9egmMtP977N5OkCF6Ybq321FYIJf5PDxE6jP9j2Atn8/d8/iMOvoDI3rF5qMQ2tWr8dIYQ54Lg==",
			"requires": {
				"@jsmini/type": "^0.7.0"
			}
		},
		"@jsmini/type": {
			"version": "0.7.0",
			"resolved": "https://registry.npmjs.org/@jsmini/type/-/type-0.7.0.tgz",
			"integrity": "sha512-M7D544O1VwFHllUOjEupaBMWfLRuTEm/s0vLvUz2DV1xY7j843Bhtff355XZGaJFqLk7vMoR4k/nzMxD7RxLlQ=="
		},
		"babel-runtime": {
			"version": "6.26.0",
			"resolved": "https://registry.npmjs.org/babel-runtime/-/babel-runtime-6.26.0.tgz",
			"integrity": "sha1-llxwWGaOgrVde/4E/yM3vItWR/4=",
			"requires": {
				"core-js": "^2.4.0",
				"regenerator-runtime": "^0.11.0"
			}
		},
		"copy-dir": {
			"version": "1.2.0",
			"resolved": "https://registry.npmjs.org/copy-dir/-/copy-dir-1.2.0.tgz",
			"integrity": "sha512-UeaUFUIHqGV4brjQ9bY2mHll/hoxyCak2emgmYG72LkGKABHBdBDKFw0H5nTKt5OzVBkBhkxCwnniJBAE7EGEw=="
		},
		"core-js": {
			"version": "2.6.9",
			"resolved": "https://registry.npmjs.org/core-js/-/core-js-2.6.9.tgz",
			"integrity": "sha512-HOpZf6eXmnl7la+cUdMnLvUxKNqLUzJvgIziQ0DiF3JwSImNphIqdGqzj6hIKyX04MmV0poclQ7+wjWvxQyR2A=="
		},
		"regenerator-runtime": {
			"version": "0.11.1",
			"resolved": "https://registry.npmjs.org/regenerator-runtime/-/regenerator-runtime-0.11.1.tgz",
			"integrity": "sha512-MguG95oij0fC3QV3URf4V2SDYGJhJnJGqvIIgdECeODCT98wSWDAJ94SSuVpYQUoTcGUIL6L4yNB7j1DFFHSBg=="
		},
		"template_js": {
			"version": "0.8.0",
			"resolved": "https://registry.npmjs.org/template_js/-/template_js-0.8.0.tgz",
			"integrity": "sha512-6h3rn0vKcZYiaC+BUqKtjQGxbL5KMTwQKZZKBjlvHtwOS7q2LKydFU0xN6DlmZoDspJgitQV+i2zgy8Ye/JPAw=="
		}
	}
}
